
Microsoft Visual Studio Solution File, Format Version 12.00
# Visual Studio Version 17
VisualStudioVersion = 17.14.36301.6
MinimumVisualStudioVersion = 10.0.40219.1
Project("{FAE04EC0-301F-11D3-BF4B-00C04F79EFBC}") = "NadinSoftTask.Domain", "Domain\NadinSoftTask.Domain.csproj", "{C838EA55-9BCE-4F88-935A-8386FC075610}"
EndProject
Project("{2150E333-8FDC-42A3-9474-1A3956D46DE8}") = "01.Domain", "01.Domain", "{02EA681E-C7D8-13C7-8484-4AC65E1B71E8}"
EndProject
Project("{2150E333-8FDC-42A3-9474-1A3956D46DE8}") = "02.Application", "02.Application", "{BED0EDBF-AED5-4A35-83AE-3CFBCC736BC2}"
EndProject
Project("{FAE04EC0-301F-11D3-BF4B-00C04F79EFBC}") = "NadinSoftTask.Application", "NadinSoftTask.Application\NadinSoftTask.Application.csproj", "{B73F917E-8B1A-44DF-898D-8AE895F04F1E}"
EndProject
Global
	GlobalSection(SolutionConfigurationPlatforms) = preSolution
		Debug|Any CPU = Debug|Any CPU
		Release|Any CPU = Release|Any CPU
	EndGlobalSection
	GlobalSection(ProjectConfigurationPlatforms) = postSolution
		{C838EA55-9BCE-4F88-935A-8386FC075610}.Debug|Any CPU.ActiveCfg = Debug|Any CPU
		{C838EA55-9BCE-4F88-935A-8386FC075610}.Debug|Any CPU.Build.0 = Debug|Any CPU
		{C838EA55-9BCE-4F88-935A-8386FC075610}.Release|Any CPU.ActiveCfg = Release|Any CPU
		{C838EA55-9BCE-4F88-935A-8386FC075610}.Release|Any CPU.Build.0 = Release|Any CPU
		{B73F917E-8B1A-44DF-898D-8AE895F04F1E}.Debug|Any CPU.ActiveCfg = Debug|Any CPU
		{B73F917E-8B1A-44DF-898D-8AE895F04F1E}.Debug|Any CPU.Build.0 = Debug|Any CPU
		{B73F917E-8B1A-44DF-898D-8AE895F04F1E}.Release|Any CPU.ActiveCfg = Release|Any CPU
		{B73F917E-8B1A-44DF-898D-8AE895F04F1E}.Release|Any CPU.Build.0 = Release|Any CPU
	EndGlobalSection
	GlobalSection(SolutionProperties) = preSolution
		HideSolutionNode = FALSE
	EndGlobalSection
	GlobalSection(NestedProjects) = preSolution
		{C838EA55-9BCE-4F88-935A-8386FC075610} = {02EA681E-C7D8-13C7-8484-4AC65E1B71E8}
		{B73F917E-8B1A-44DF-898D-8AE895F04F1E} = {BED0EDBF-AED5-4A35-83AE-3CFBCC736BC2}
	EndGlobalSection
	GlobalSection(ExtensibilityGlobals) = postSolution
		SolutionGuid = {281BEDD4-4453-4698-8742-1243E9969106}
	EndGlobalSection
EndGlobal
