
Microsoft Visual Studio Solution File, Format Version 12.00
# Visual Studio Version 17
VisualStudioVersion = 17.14.36301.6
MinimumVisualStudioVersion = 10.0.40219.1
Project("{2150E333-8FDC-42A3-9474-1A3956D46DE8}") = "01.Domain", "01.Domain", "{02EA681E-C7D8-13C7-8484-4AC65E1B71E8}"
EndProject
Project("{2150E333-8FDC-42A3-9474-1A3956D46DE8}") = "02.Application", "02.Application", "{BED0EDBF-AED5-4A35-83AE-3CFBCC736BC2}"
EndProject
Project("{FAE04EC0-301F-11D3-BF4B-00C04F79EFBC}") = "NadinSoftTask.Application", "NadinSoftTask.Application\NadinSoftTask.Application.csproj", "{B73F917E-8B1A-44DF-898D-8AE895F04F1E}"
EndProject
Project("{2150E333-8FDC-42A3-9474-1A3956D46DE8}") = "03.Infrastructure", "03.Infrastructure", "{099BDC4A-7895-431F-BA18-26A569CE6AD9}"
EndProject
Project("{FAE04EC0-301F-11D3-BF4B-00C04F79EFBC}") = "NadinSoftTask.Infrastructure", "NadinSoftTask.Infrastructure\NadinSoftTask.Infrastructure.csproj", "{F6A64544-3398-4B67-8D87-853AFD21CEEE}"
EndProject
Project("{2150E333-8FDC-42A3-9474-1A3956D46DE8}") = "04.WebApi", "04.WebApi", "{CA0DC3B9-A981-4978-BADE-B37A6102A0D7}"
EndProject
Project("{FAE04EC0-301F-11D3-BF4B-00C04F79EFBC}") = "NadinSoftTask.WebApi", "NadinSoftTask.WebApi\NadinSoftTask.WebApi.csproj", "{42D6187E-E7A5-4D2C-BE18-F9062A62A4E1}"
EndProject
Project("{FAE04EC0-301F-11D3-BF4B-00C04F79EFBC}") = "NadinSoftTask.Domain", "NadinSoftTask.Domain\NadinSoftTask.Domain.csproj", "{C45A4A62-B11C-32E5-10BA-D6DECB4D2F5C}"
EndProject
Global
	GlobalSection(SolutionConfigurationPlatforms) = preSolution
		Debug|Any CPU = Debug|Any CPU
		Release|Any CPU = Release|Any CPU
	EndGlobalSection
	GlobalSection(ProjectConfigurationPlatforms) = postSolution
		{B73F917E-8B1A-44DF-898D-8AE895F04F1E}.Debug|Any CPU.ActiveCfg = Debug|Any CPU
		{B73F917E-8B1A-44DF-898D-8AE895F04F1E}.Debug|Any CPU.Build.0 = Debug|Any CPU
		{B73F917E-8B1A-44DF-898D-8AE895F04F1E}.Release|Any CPU.ActiveCfg = Release|Any CPU
		{B73F917E-8B1A-44DF-898D-8AE895F04F1E}.Release|Any CPU.Build.0 = Release|Any CPU
		{F6A64544-3398-4B67-8D87-853AFD21CEEE}.Debug|Any CPU.ActiveCfg = Debug|Any CPU
		{F6A64544-3398-4B67-8D87-853AFD21CEEE}.Debug|Any CPU.Build.0 = Debug|Any CPU
		{F6A64544-3398-4B67-8D87-853AFD21CEEE}.Release|Any CPU.ActiveCfg = Release|Any CPU
		{F6A64544-3398-4B67-8D87-853AFD21CEEE}.Release|Any CPU.Build.0 = Release|Any CPU
		{42D6187E-E7A5-4D2C-BE18-F9062A62A4E1}.Debug|Any CPU.ActiveCfg = Debug|Any CPU
		{42D6187E-E7A5-4D2C-BE18-F9062A62A4E1}.Debug|Any CPU.Build.0 = Debug|Any CPU
		{42D6187E-E7A5-4D2C-BE18-F9062A62A4E1}.Release|Any CPU.ActiveCfg = Release|Any CPU
		{42D6187E-E7A5-4D2C-BE18-F9062A62A4E1}.Release|Any CPU.Build.0 = Release|Any CPU
		{C45A4A62-B11C-32E5-10BA-D6DECB4D2F5C}.Debug|Any CPU.ActiveCfg = Debug|Any CPU
		{C45A4A62-B11C-32E5-10BA-D6DECB4D2F5C}.Debug|Any CPU.Build.0 = Debug|Any CPU
		{C45A4A62-B11C-32E5-10BA-D6DECB4D2F5C}.Release|Any CPU.ActiveCfg = Release|Any CPU
		{C45A4A62-B11C-32E5-10BA-D6DECB4D2F5C}.Release|Any CPU.Build.0 = Release|Any CPU
	EndGlobalSection
	GlobalSection(SolutionProperties) = preSolution
		HideSolutionNode = FALSE
	EndGlobalSection
	GlobalSection(NestedProjects) = preSolution
		{B73F917E-8B1A-44DF-898D-8AE895F04F1E} = {BED0EDBF-AED5-4A35-83AE-3CFBCC736BC2}
		{F6A64544-3398-4B67-8D87-853AFD21CEEE} = {099BDC4A-7895-431F-BA18-26A569CE6AD9}
		{42D6187E-E7A5-4D2C-BE18-F9062A62A4E1} = {CA0DC3B9-A981-4978-BADE-B37A6102A0D7}
		{C45A4A62-B11C-32E5-10BA-D6DECB4D2F5C} = {02EA681E-C7D8-13C7-8484-4AC65E1B71E8}
	EndGlobalSection
	GlobalSection(ExtensibilityGlobals) = postSolution
		SolutionGuid = {281BEDD4-4453-4698-8742-1243E9969106}
	EndGlobalSection
EndGlobal
